// !$*UTF8*$!
{
	archiveVersion = 1;
	classes = {
	};
	objectVersion = 46;
	objects = {

/* Begin PBXBuildFile section */
		410489E319FE2E0F008E5F52 /* AppDelegate.swift in Sources */ = {isa = PBXBuildFile; fileRef = 410489E219FE2E0F008E5F52 /* AppDelegate.swift */; };
		410489E519FE2E0F008E5F52 /* ViewController.swift in Sources */ = {isa = PBXBuildFile; fileRef = 410489E419FE2E0F008E5F52 /* ViewController.swift */; };
		410489E819FE2E0F008E5F52 /* Main.storyboard in Resources */ = {isa = PBXBuildFile; fileRef = 410489E619FE2E0F008E5F52 /* Main.storyboard */; };
		410489EA19FE2E0F008E5F52 /* Images.xcassets in Resources */ = {isa = PBXBuildFile; fileRef = 410489E919FE2E0F008E5F52 /* Images.xcassets */; };
		410489ED19FE2E0F008E5F52 /* LaunchScreen.xib in Resources */ = {isa = PBXBuildFile; fileRef = 410489EB19FE2E0F008E5F52 /* LaunchScreen.xib */; };
		410489F919FE2E0F008E5F52 /* PostcardTests.swift in Sources */ = {isa = PBXBuildFile; fileRef = 410489F819FE2E0F008E5F52 /* PostcardTests.swift */; };
/* End PBXBuildFile section */

/* Begin PBXContainerItemProxy section */
		410489F319FE2E0F008E5F52 /* PBXContainerItemProxy */ = {
			isa = PBXContainerItemProxy;
			containerPortal = 410489D519FE2E0F008E5F52 /* Project object */;
			proxyType = 1;
			remoteGlobalIDString = 410489DC19FE2E0F008E5F52;
			remoteInfo = Postcard;
		};
/* End PBXContainerItemProxy section */

/* Begin PBXFileReference section */
		410489DD19FE2E0F008E5F52 /* Postcard.app */ = {isa = PBXFileReference; explicitFileType = wrapper.application; includeInIndex = 0; path = Postcard.app; sourceTree = BUILT_PRODUCTS_DIR; };
		410489E119FE2E0F008E5F52 /* Info.plist */ = {isa = PBXFileReference; lastKnownFileType = text.plist.xml; path = Info.plist; sourceTree = "<group>"; };
		410489E219FE2E0F008E5F52 /* AppDelegate.swift */ = {isa = PBXFileReference; lastKnownFileType = sourcecode.swift; path = AppDelegate.swift; sourceTree = "<group>"; };
		410489E419FE2E0F008E5F52 /* ViewController.swift */ = {isa = PBXFileReference; lastKnownFileType = sourcecode.swift; path = ViewController.swift; sourceTree = "<group>"; };
		410489E719FE2E0F008E5F52 /* Base */ = {isa = PBXFileReference; lastKnownFileType = file.storyboard; name = Base; path = Base.lproj/Main.storyboard; sourceTree = "<group>"; };
		410489E919FE2E0F008E5F52 /* Images.xcassets */ = {isa = PBXFileReference; lastKnownFileType = folder.assetcatalog; path = Images.xcassets; sourceTree = "<group>"; };
		410489EC19FE2E0F008E5F52 /* Base */ = {isa = PBXFileReference; lastKnownFileType = file.xib; name = Base; path = Base.lproj/LaunchScreen.xib; sourceTree = "<group>"; };
		410489F219FE2E0F008E5F52 /* PostcardTests.xctest */ = {isa = PBXFileReference; explicitFileType = wrapper.cfbundle; includeInIndex = 0; path = PostcardTests.xctest; sourceTree = BUILT_PRODUCTS_DIR; };
		410489F719FE2E0F008E5F52 /* Info.plist */ = {isa = PBXFileReference; lastKnownFileType = text.plist.xml; path = Info.plist; sourceTree = "<group>"; };
		410489F819FE2E0F008E5F52 /* PostcardTests.swift */ = {isa = PBXFileReference; lastKnownFileType = sourcecode.swift; path = PostcardTests.swift; sourceTree = "<group>"; };
/* End PBXFileReference section */

/* Begin PBXFrameworksBuildPhase section */
		410489DA19FE2E0F008E5F52 /* Frameworks */ = {
			isa = PBXFrameworksBuildPhase;
			buildActionMask = 2147483647;
			files = (
			);
			runOnlyForDeploymentPostprocessing = 0;
		};
		410489EF19FE2E0F008E5F52 /* Frameworks */ = {
			isa = PBXFrameworksBuildPhase;
			buildActionMask = 2147483647;
			files = (
			);
			runOnlyForDeploymentPostprocessing = 0;
		};
/* End PBXFrameworksBuildPhase section */

/* Begin PBXGroup section */
		410489D419FE2E0F008E5F52 = {
			isa = PBXGroup;
			children = (
				410489DF19FE2E0F008E5F52 /* Postcard */,
				410489F519FE2E0F008E5F52 /* PostcardTests */,
				410489DE19FE2E0F008E5F52 /* Products */,
			);
			sourceTree = "<group>";
		};
		410489DE19FE2E0F008E5F52 /* Products */ = {
			isa = PBXGroup;
			children = (
				410489DD19FE2E0F008E5F52 /* Postcard.app */,
				410489F219FE2E0F008E5F52 /* PostcardTests.xctest */,
			);
			name = Products;
			sourceTree = "<group>";
		};
		410489DF19FE2E0F008E5F52 /* Postcard */ = {
			isa = PBXGroup;
			children = (
				410489E219FE2E0F008E5F52 /* AppDelegate.swift */,
				410489E419FE2E0F008E5F52 /* ViewController.swift */,
				410489E619FE2E0F008E5F52 /* Main.storyboard */,
				410489E919FE2E0F008E5F52 /* Images.xcassets */,
				410489EB19FE2E0F008E5F52 /* LaunchScreen.xib */,
				410489E019FE2E0F008E5F52 /* Supporting Files */,
			);
			path = Postcard;
			sourceTree = "<group>";
		};
		410489E019FE2E0F008E5F52 /* Supporting Files */ = {
			isa = PBXGroup;
			children = (
				410489E119FE2E0F008E5F52 /* Info.plist */,
			);
			name = "Supporting Files";
			sourceTree = "<group>";
		};
		410489F519FE2E0F008E5F52 /* PostcardTests */ = {
			isa = PBXGroup;
			children = (
				410489F819FE2E0F008E5F52 /* PostcardTests.swift */,
				410489F619FE2E0F008E5F52 /* Supporting Files */,
			);
			path = PostcardTests;
			sourceTree = "<group>";
		};
		410489F619FE2E0F008E5F52 /* Supporting Files */ = {
			isa = PBXGroup;
			children = (
				410489F719FE2E0F008E5F52 /* Info.plist */,
			);
			name = "Supporting Files";
			sourceTree = "<group>";
		};
/* End PBXGroup section */

/* Begin PBXNativeTarget section */
		410489DC19FE2E0F008E5F52 /* Postcard */ = {
			isa = PBXNativeTarget;
			buildConfigurationList = 410489FC19FE2E0F008E5F52 /* Build configuration list for PBXNativeTarget "Postcard" */;
			buildPhases = (
				410489D919FE2E0F008E5F52 /* Sources */,
				410489DA19FE2E0F008E5F52 /* Frameworks */,
				410489DB19FE2E0F008E5F52 /* Resources */,
			);
			buildRules = (
			);
			dependencies = (
			);
			name = Postcard;
			productName = Postcard;
			productReference = 410489DD19FE2E0F008E5F52 /* Postcard.app */;
			productType = "com.apple.product-type.application";
		};
		410489F119FE2E0F008E5F52 /* PostcardTests */ = {
			isa = PBXNativeTarget;
			buildConfigurationList = 410489FF19FE2E0F008E5F52 /* Build configuration list for PBXNativeTarget "PostcardTests" */;
			buildPhases = (
				410489EE19FE2E0F008E5F52 /* Sources */,
				410489EF19FE2E0F008E5F52 /* Frameworks */,
				410489F019FE2E0F008E5F52 /* Resources */,
			);
			buildRules = (
			);
			dependencies = (
				410489F419FE2E0F008E5F52 /* PBXTargetDependency */,
			);
			name = PostcardTests;
			productName = PostcardTests;
			productReference = 410489F219FE2E0F008E5F52 /* PostcardTests.xctest */;
			productType = "com.apple.product-type.bundle.unit-test";
		};
/* End PBXNativeTarget section */

/* Begin PBXProject section */
		410489D519FE2E0F008E5F52 /* Project object */ = {
			isa = PBXProject;
			attributes = {
				LastUpgradeCheck = 0610;
				ORGANIZATIONNAME = "Mitchell Wiener";
				TargetAttributes = {
					410489DC19FE2E0F008E5F52 = {
						CreatedOnToolsVersion = 6.1;
					};
					410489F119FE2E0F008E5F52 = {
						CreatedOnToolsVersion = 6.1;
						TestTargetID = 410489DC19FE2E0F008E5F52;
					};
				};
			};
			buildConfigurationList = 410489D819FE2E0F008E5F52 /* Build configuration list for PBXProject "Postcard" */;
			compatibilityVersion = "Xcode 3.2";
			developmentRegion = English;
			hasScannedForEncodings = 0;
			knownRegions = (
				en,
				Base,
			);
			mainGroup = 410489D419FE2E0F008E5F52;
			productRefGroup = 410489DE19FE2E0F008E5F52 /* Products */;
			projectDirPath = "";
			projectRoot = "";
			targets = (
				410489DC19FE2E0F008E5F52 /* Postcard */,
				410489F119FE2E0F008E5F52 /* PostcardTests */,
			);
		};
/* End PBXProject section */

/* Begin PBXResourcesBuildPhase section */
		410489DB19FE2E0F008E5F52 /* Resources */ = {
			isa = PBXResourcesBuildPhase;
			buildActionMask = 2147483647;
			files = (
				410489E819FE2E0F008E5F52 /* Main.storyboard in Resources */,
				410489ED19FE2E0F008E5F52 /* LaunchScreen.xib in Resources */,
				410489EA19FE2E0F008E5F52 /* Images.xcassets in Resources */,
			);
			runOnlyForDeploymentPostprocessing = 0;
		};
		410489F019FE2E0F008E5F52 /* Resources */ = {
			isa = PBXResourcesBuildPhase;
			buildActionMask = 2147483647;
			files = (
			);
			runOnlyForDeploymentPostprocessing = 0;
		};
/* End PBXResourcesBuildPhase section */

/* Begin PBXSourcesBuildPhase section */
		410489D919FE2E0F008E5F52 /* Sources */ = {
			isa = PBXSourcesBuildPhase;
			buildActionMask = 2147483647;
			files = (
				410489E519FE2E0F008E5F52 /* ViewController.swift in Sources */,
				410489E319FE2E0F008E5F52 /* AppDelegate.swift in Sources */,
			);
			runOnlyForDeploymentPostprocessing = 0;
		};
		410489EE19FE2E0F008E5F52 /* Sources */ = {
			isa = PBXSourcesBuildPhase;
			buildActionMask = 2147483647;
			files = (
				410489F919FE2E0F008E5F52 /* PostcardTests.swift in Sources */,
			);
			runOnlyForDeploymentPostprocessing = 0;
		};
/* End PBXSourcesBuildPhase section */

/* Begin PBXTargetDependency section */
		410489F419FE2E0F008E5F52 /* PBXTargetDependency */ = {
			isa = PBXTargetDependency;
			target = 410489DC19FE2E0F008E5F52 /* Postcard */;
			targetProxy = 410489F319FE2E0F008E5F52 /* PBXContainerItemProxy */;
		};
/* End PBXTargetDependency section */

/* Begin PBXVariantGroup section */
		410489E619FE2E0F008E5F52 /* Main.storyboard */ = {
			isa = PBXVariantGroup;
			children = (
				410489E719FE2E0F008E5F52 /* Base */,
			);
			name = Main.storyboard;
			sourceTree = "<group>";
		};
		410489EB19FE2E0F008E5F52 /* LaunchScreen.xib */ = {
			isa = PBXVariantGroup;
			children = (
				410489EC19FE2E0F008E5F52 /* Base */,
			);
			name = LaunchScreen.xib;
			sourceTree = "<group>";
		};
/* End PBXVariantGroup section */

/* Begin XCBuildConfiguration section */
		410489FA19FE2E0F008E5F52 /* Debug */ = {
			isa = XCBuildConfiguration;
			buildSettings = {
				ALWAYS_SEARCH_USER_PATHS = NO;
				CLANG_CXX_LANGUAGE_STANDARD = "gnu++0x";
				CLANG_CXX_LIBRARY = "libc++";
				CLANG_ENABLE_MODULES = YES;
				CLANG_ENABLE_OBJC_ARC = YES;
				CLANG_WARN_BOOL_CONVERSION = YES;
				CLANG_WARN_CONSTANT_CONVERSION = YES;
				CLANG_WARN_DIRECT_OBJC_ISA_USAGE = YES_ERROR;
				CLANG_WARN_EMPTY_BODY = YES;
				CLANG_WARN_ENUM_CONVERSION = YES;
				CLANG_WARN_INT_CONVERSION = YES;
				CLANG_WARN_OBJC_ROOT_CLASS = YES_ERROR;
				CLANG_WARN_UNREACHABLE_CODE = YES;
				CLANG_WARN__DUPLICATE_METHOD_MATCH = YES;
				"CODE_SIGN_IDENTITY[sdk=iphoneos*]" = "iPhone Developer";
				COPY_PHASE_STRIP = NO;
				ENABLE_STRICT_OBJC_MSGSEND = YES;
				GCC_C_LANGUAGE_STANDARD = gnu99;
				GCC_DYNAMIC_NO_PIC = NO;
				GCC_OPTIMIZATION_LEVEL = 0;
				GCC_PREPROCESSOR_DEFINITIONS = (
					"DEBUG=1",
					"$(inherited)",
				);
				GCC_SYMBOLS_PRIVATE_EXTERN = NO;
				GCC_WARN_64_TO_32_BIT_CONVERSION = YES;
				GCC_WARN_ABOUT_RETURN_TYPE = YES_ERROR;
				GCC_WARN_UNDECLARED_SELECTOR = YES;
				GCC_WARN_UNINITIALIZED_AUTOS = YES_AGGRESSIVE;
				GCC_WARN_UNUSED_FUNCTION = YES;
				GCC_WARN_UNUSED_VARIABLE = YES;
				IPHONEOS_DEPLOYMENT_TARGET = 8.1;
				MTL_ENABLE_DEBUG_INFO = YES;
				ONLY_ACTIVE_ARCH = YES;
				SDKROOT = iphoneos;
				SWIFT_OPTIMIZATION_LEVEL = "-Onone";
				TARGETED_DEVICE_FAMILY = "1,2";
			};
			name = Debug;
		};
		410489FB19FE2E0F008E5F52 /* Release */ = {
			isa = XCBuildConfiguration;
			buildSettings = {
				ALWAYS_SEARCH_USER_PATHS = NO;
				CLANG_CXX_LANGUAGE_STANDARD = "gnu++0x";
				CLANG_CXX_LIBRARY = "libc++";
				CLANG_ENABLE_MODULES = YES;
				CLANG_ENABLE_OBJC_ARC = YES;
				CLANG_WARN_BOOL_CONVERSION = YES;
				CLANG_WARN_CONSTANT_CONVERSION = YES;
				CLANG_WARN_DIRECT_OBJC_ISA_USAGE = YES_ERROR;
				CLANG_WARN_EMPTY_BODY = YES;
				CLANG_WARN_ENUM_CONVERSION = YES;
				CLANG_WARN_INT_CONVERSION = YES;
				CLANG_WARN_OBJC_ROOT_CLASS = YES_ERROR;
				CLANG_WARN_UNREACHABLE_CODE = YES;
				CLANG_WARN__DUPLICATE_METHOD_MATCH = YES;
				"CODE_SIGN_IDENTITY[sdk=iphoneos*]" = "iPhone Developer";
				COPY_PHASE_STRIP = YES;
				ENABLE_NS_ASSERTIONS = NO;
				ENABLE_STRICT_OBJC_MSGSEND = YES;
				GCC_C_LANGUAGE_STANDARD = gnu99;
				GCC_WARN_64_TO_32_BIT_CONVERSION = YES;
				GCC_WARN_ABOUT_RETURN_TYPE = YES_ERROR;
				GCC_WARN_UNDECLARED_SELECTOR = YES;
				GCC_WARN_UNINITIALIZED_AUTOS = YES_AGGRESSIVE;
				GCC_WARN_UNUSED_FUNCTION = YES;
				GCC_WARN_UNUSED_VARIABLE = YES;
				IPHONEOS_DEPLOYMENT_TARGET = 8.1;
				MTL_ENABLE_DEBUG_INFO = NO;
				SDKROOT = iphoneos;
				TARGETED_DEVICE_FAMILY = "1,2";
				VALIDATE_PRODUCT = YES;
			};
			name = Release;
		};
		410489FD19FE2E0F008E5F52 /* Debug */ = {
			isa = XCBuildConfiguration;
			buildSettings = {
				ASSETCATALOG_COMPILER_APPICON_NAME = AppIcon;
				INFOPLIST_FILE = Postcard/Info.plist;
				LD_RUNPATH_SEARCH_PATHS = "$(inherited) @executable_path/Frameworks";
				PRODUCT_NAME = "$(TARGET_NAME)";
			};
			name = Debug;
		};
		410489FE19FE2E0F008E5F52 /* Release */ = {
			isa = XCBuildConfiguration;
			buildSettings = {
				ASSETCATALOG_COMPILER_APPICON_NAME = AppIcon;
				INFOPLIST_FILE = Postcard/Info.plist;
				LD_RUNPATH_SEARCH_PATHS = "$(inherited) @executable_path/Frameworks";
				PRODUCT_NAME = "$(TARGET_NAME)";
			};
			name = Release;
		};
		41048A0019FE2E0F008E5F52 /* Debug */ = {
			isa = XCBuildConfiguration;
			buildSettings = {
				BUNDLE_LOADER = "$(TEST_HOST)";
				FRAMEWORK_SEARCH_PATHS = (
					"$(SDKROOT)/Developer/Library/Frameworks",
					"$(inherited)",
				);
				GCC_PREPROCESSOR_DEFINITIONS = (
					"DEBUG=1",
					"$(inherited)",
				);
				INFOPLIST_FILE = PostcardTests/Info.plist;
				LD_RUNPATH_SEARCH_PATHS = "$(inherited) @executable_path/Frameworks @loader_path/Frameworks";
				PRODUCT_NAME = "$(TARGET_NAME)";
				TEST_HOST = "$(BUILT_PRODUCTS_DIR)/Postcard.app/Postcard";
			};
			name = Debug;
		};
		41048A0119FE2E0F008E5F52 /* Release */ = {
			isa = XCBuildConfiguration;
			buildSettings = {
				BUNDLE_LOADER = "$(TEST_HOST)";
				FRAMEWORK_SEARCH_PATHS = (
					"$(SDKROOT)/Developer/Library/Frameworks",
					"$(inherited)",
				);
				INFOPLIST_FILE = PostcardTests/Info.plist;
				LD_RUNPATH_SEARCH_PATHS = "$(inherited) @executable_path/Frameworks @loader_path/Frameworks";
				PRODUCT_NAME = "$(TARGET_NAME)";
				TEST_HOST = "$(BUILT_PRODUCTS_DIR)/Postcard.app/Postcard";
			};
			name = Release;
		};
/* End XCBuildConfiguration section */

/* Begin XCConfigurationList section */
		410489D819FE2E0F008E5F52 /* Build configuration list for PBXProject "Postcard" */ = {
			isa = XCConfigurationList;
			buildConfigurations = (
				410489FA19FE2E0F008E5F52 /* Debug */,
				410489FB19FE2E0F008E5F52 /* Release */,
			);
			defaultConfigurationIsVisible = 0;
			defaultConfigurationName = Release;
		};
		410489FC19FE2E0F008E5F52 /* Build configuration list for PBXNativeTarget "Postcard" */ = {
			isa = XCConfigurationList;
			buildConfigurations = (
				410489FD19FE2E0F008E5F52 /* Debug */,
				410489FE19FE2E0F008E5F52 /* Release */,
			);
			defaultConfigurationIsVisible = 0;
		};
		410489FF19FE2E0F008E5F52 /* Build configuration list for PBXNativeTarget "PostcardTests" */ = {
			isa = XCConfigurationList;
			buildConfigurations = (
				41048A0019FE2E0F008E5F52 /* Debug */,
				41048A0119FE2E0F008E5F52 /* Release */,
			);
			defaultConfigurationIsVisible = 0;
		};
/* End XCConfigurationList section */
	};
	rootObject = 410489D519FE2E0F008E5F52 /* Project object */;
}
